
Microsoft Visual Studio Solution File, Format Version 12.00
# Visual Studio 2017
Project("{FAE04EC0-301F-11D3-BF4B-00C04F79EFBC}") = "unity-socketio-client", "unity-socketio-client.csproj", "{C1BE7305-5B77-ACCD-ACDE-B13C80939799}"
EndProject
Project("{FAE04EC0-301F-11D3-BF4B-00C04F79EFBC}") = "unity-socketio-client.Editor", "unity-socketio-client.Editor.csproj", "{E1A786A2-9908-B411-449D-BEE313B65B05}"
EndProject
Global
	GlobalSection(SolutionConfigurationPlatforms) = preSolution
		Debug|Any CPU = Debug|Any CPU
		Release|Any CPU = Release|Any CPU
	EndGlobalSection
	GlobalSection(ProjectConfigurationPlatforms) = postSolution
		{C1BE7305-5B77-ACCD-ACDE-B13C80939799}.Debug|Any CPU.ActiveCfg = Debug|Any CPU
		{C1BE7305-5B77-ACCD-ACDE-B13C80939799}.Debug|Any CPU.Build.0 = Debug|Any CPU
		{C1BE7305-5B77-ACCD-ACDE-B13C80939799}.Release|Any CPU.ActiveCfg = Release|Any CPU
		{C1BE7305-5B77-ACCD-ACDE-B13C80939799}.Release|Any CPU.Build.0 = Release|Any CPU
		{E1A786A2-9908-B411-449D-BEE313B65B05}.Debug|Any CPU.ActiveCfg = Debug|Any CPU
		{E1A786A2-9908-B411-449D-BEE313B65B05}.Debug|Any CPU.Build.0 = Debug|Any CPU
		{E1A786A2-9908-B411-449D-BEE313B65B05}.Release|Any CPU.ActiveCfg = Release|Any CPU
		{E1A786A2-9908-B411-449D-BEE313B65B05}.Release|Any CPU.Build.0 = Release|Any CPU
	EndGlobalSection
	GlobalSection(SolutionProperties) = preSolution
		HideSolutionNode = FALSE
	EndGlobalSection
EndGlobal
